
Microsoft Visual Studio Solution File, Format Version 12.00
# Visual Studio Version 16
VisualStudioVersion = 16.0.32228.343
MinimumVisualStudioVersion = 10.0.40219.1
Project("{8BC9CEB8-8B4A-11D0-8D11-00A0C91BC942}") = "first", "first\first.vcxproj", "{03FE4CBC-54E2-4613-815E-AC24320B587E}"
EndProject
Global
	GlobalSection(SolutionConfigurationPlatforms) = preSolution
		Debug|x64 = Debug|x64
		Debug|x86 = Debug|x86
		Release|x64 = Release|x64
		Release|x86 = Release|x86
	EndGlobalSection
	GlobalSection(ProjectConfigurationPlatforms) = postSolution
		{03FE4CBC-54E2-4613-815E-AC24320B587E}.Debug|x64.ActiveCfg = Debug|x64
		{03FE4CBC-54E2-4613-815E-AC24320B587E}.Debug|x64.Build.0 = Debug|x64
		{03FE4CBC-54E2-4613-815E-AC24320B587E}.Debug|x86.ActiveCfg = Debug|Win32
		{03FE4CBC-54E2-4613-815E-AC24320B587E}.Debug|x86.Build.0 = Debug|Win32
		{03FE4CBC-54E2-4613-815E-AC24320B587E}.Release|x64.ActiveCfg = Release|x64
		{03FE4CBC-54E2-4613-815E-AC24320B587E}.Release|x64.Build.0 = Release|x64
		{03FE4CBC-54E2-4613-815E-AC24320B587E}.Release|x86.ActiveCfg = Release|Win32
		{03FE4CBC-54E2-4613-815E-AC24320B587E}.Release|x86.Build.0 = Release|Win32
	EndGlobalSection
	GlobalSection(SolutionProperties) = preSolution
		HideSolutionNode = FALSE
	EndGlobalSection
	GlobalSection(ExtensibilityGlobals) = postSolution
		SolutionGuid = {0503E978-9610-4048-A3BB-5099EC268C67}
	EndGlobalSection
EndGlobal
